
Microsoft Visual Studio Solution File, Format Version 12.00
# Visual Studio 15
VisualStudioVersion = 15.0.28307.852
MinimumVisualStudioVersion = 10.0.40219.1
Project("{FAE04EC0-301F-11D3-BF4B-00C04F79EFBC}") = "CyclicRotation", "CyclicRotation\CyclicRotation.csproj", "{AD8DAA87-C53D-4E6F-A3E4-1D1314B56B9B}"
EndProject
Global
	GlobalSection(SolutionConfigurationPlatforms) = preSolution
		Debug|Any CPU = Debug|Any CPU
		Release|Any CPU = Release|Any CPU
	EndGlobalSection
	GlobalSection(ProjectConfigurationPlatforms) = postSolution
		{AD8DAA87-C53D-4E6F-A3E4-1D1314B56B9B}.Debug|Any CPU.ActiveCfg = Debug|Any CPU
		{AD8DAA87-C53D-4E6F-A3E4-1D1314B56B9B}.Debug|Any CPU.Build.0 = Debug|Any CPU
		{AD8DAA87-C53D-4E6F-A3E4-1D1314B56B9B}.Release|Any CPU.ActiveCfg = Release|Any CPU
		{AD8DAA87-C53D-4E6F-A3E4-1D1314B56B9B}.Release|Any CPU.Build.0 = Release|Any CPU
	EndGlobalSection
	GlobalSection(SolutionProperties) = preSolution
		HideSolutionNode = FALSE
	EndGlobalSection
	GlobalSection(ExtensibilityGlobals) = postSolution
		SolutionGuid = {95D6CBDF-54C5-4CE3-8042-8459AB49DB4C}
	EndGlobalSection
EndGlobal
